// !$*UTF8*$!
{
	archiveVersion = 1;
	classes = {
	};
	objectVersion = 56;
	objects = {

/* Begin PBXBuildFile section */
		AA3E49132C73F5DB00FDA82E /* SectionIconView.swift in Sources */ = {isa = PBXBuildFile; fileRef = AA3E49122C73F5DB00FDA82E /* SectionIconView.swift */; };
		AA3E49152C73FB1800FDA82E /* SectionIconViewController.swift in Sources */ = {isa = PBXBuildFile; fileRef = AA3E49142C73FB1800FDA82E /* SectionIconViewController.swift */; };
		AA3E49182C73FC6800FDA82E /* SectionIconCell.swift in Sources */ = {isa = PBXBuildFile; fileRef = AA3E49172C73FC6800FDA82E /* SectionIconCell.swift */; };
		AA3E491B2C7403FA00FDA82E /* CoreData.framework in Frameworks */ = {isa = PBXBuildFile; fileRef = AA3E491A2C7403FA00FDA82E /* CoreData.framework */; };
		AA3E491E2C74043000FDA82E /* MyCabinet.xcdatamodeld in Sources */ = {isa = PBXBuildFile; fileRef = AA3E491C2C74043000FDA82E /* MyCabinet.xcdatamodeld */; };
		AA4D456B2C715C3100EC700A /* CoreDataService.swift in Sources */ = {isa = PBXBuildFile; fileRef = AA4D456A2C715C3100EC700A /* CoreDataService.swift */; };
		AA4D456D2C715D3F00EC700A /* SettingsViewController.swift in Sources */ = {isa = PBXBuildFile; fileRef = AA4D456C2C715D3F00EC700A /* SettingsViewController.swift */; };
		AA4D456E2C715E0800EC700A /* ItemDetailViewControllerTests.swift in Sources */ = {isa = PBXBuildFile; fileRef = AA81F5F22C6FFB2D003CFB4A /* ItemDetailViewControllerTests.swift */; };
		AA5C73F92C6EC7550014534C /* Section.swift in Sources */ = {isa = PBXBuildFile; fileRef = AA5C73F82C6EC7550014534C /* Section.swift */; };
		AA5C74022C6EC7CB0014534C /* ItemRowView.swift in Sources */ = {isa = PBXBuildFile; fileRef = AA5C74012C6EC7CB0014534C /* ItemRowView.swift */; };
		AA5C74042C6EC7F10014534C /* SectionListView.swift in Sources */ = {isa = PBXBuildFile; fileRef = AA5C74032C6EC7F10014534C /* SectionListView.swift */; };
		AA5C74062C6EC80C0014534C /* SectionView.swift in Sources */ = {isa = PBXBuildFile; fileRef = AA5C74052C6EC80C0014534C /* SectionView.swift */; };
		AA81F5E12C6FE961003CFB4A /* ItemRowViewController.swift in Sources */ = {isa = PBXBuildFile; fileRef = AA81F5E02C6FE961003CFB4A /* ItemRowViewController.swift */; };
		AA81F5E32C6FE984003CFB4A /* NotificationService.swift in Sources */ = {isa = PBXBuildFile; fileRef = AA81F5E22C6FE984003CFB4A /* NotificationService.swift */; };
		AA81F5E52C6FEACF003CFB4A /* ItemDetailViewController.swift in Sources */ = {isa = PBXBuildFile; fileRef = AA81F5E42C6FEACF003CFB4A /* ItemDetailViewController.swift */; };
		AA81F5E72C6FEEBA003CFB4A /* ExpirationService.swift in Sources */ = {isa = PBXBuildFile; fileRef = AA81F5E62C6FEEBA003CFB4A /* ExpirationService.swift */; };
		AA81F5E92C6FF1C6003CFB4A /* LaunchScreen.storyboard in Resources */ = {isa = PBXBuildFile; fileRef = AA81F5E82C6FF1C6003CFB4A /* LaunchScreen.storyboard */; };
		AA81F5EB2C6FF4DC003CFB4A /* Info.plist in Resources */ = {isa = PBXBuildFile; fileRef = AA81F5EA2C6FF4DC003CFB4A /* Info.plist */; };
		AA81F5ED2C6FF590003CFB4A /* ItemTests.swift in Sources */ = {isa = PBXBuildFile; fileRef = AA81F5EC2C6FF590003CFB4A /* ItemTests.swift */; };
		AA81F5EF2C6FF81D003CFB4A /* SectionTests.swift in Sources */ = {isa = PBXBuildFile; fileRef = AA81F5EE2C6FF81D003CFB4A /* SectionTests.swift */; };
		AA81F5F12C6FF952003CFB4A /* NotificationServiceTests.swift in Sources */ = {isa = PBXBuildFile; fileRef = AA81F5F02C6FF952003CFB4A /* NotificationServiceTests.swift */; };
		AA8505792C6EC275002FB9F0 /* MyCabinetApp.swift in Sources */ = {isa = PBXBuildFile; fileRef = AA8505782C6EC275002FB9F0 /* MyCabinetApp.swift */; };
		AA85057B2C6EC275002FB9F0 /* ContentView.swift in Sources */ = {isa = PBXBuildFile; fileRef = AA85057A2C6EC275002FB9F0 /* ContentView.swift */; };
		AA85057D2C6EC276002FB9F0 /* Assets.xcassets in Resources */ = {isa = PBXBuildFile; fileRef = AA85057C2C6EC276002FB9F0 /* Assets.xcassets */; };
		AA8505802C6EC276002FB9F0 /* Preview Assets.xcassets in Resources */ = {isa = PBXBuildFile; fileRef = AA85057F2C6EC276002FB9F0 /* Preview Assets.xcassets */; };
		AA85058A2C6EC276002FB9F0 /* MyCabinetTests.swift in Sources */ = {isa = PBXBuildFile; fileRef = AA8505892C6EC276002FB9F0 /* MyCabinetTests.swift */; };
		AA8505942C6EC276002FB9F0 /* MyCabinetUITests.swift in Sources */ = {isa = PBXBuildFile; fileRef = AA8505932C6EC276002FB9F0 /* MyCabinetUITests.swift */; };
		AA8505962C6EC276002FB9F0 /* MyCabinetUITestsLaunchTests.swift in Sources */ = {isa = PBXBuildFile; fileRef = AA8505952C6EC276002FB9F0 /* MyCabinetUITestsLaunchTests.swift */; };
		AA8505A52C6EC571002FB9F0 /* Item.swift in Sources */ = {isa = PBXBuildFile; fileRef = AA8505A42C6EC571002FB9F0 /* Item.swift */; };
		AA9B4E032C71421E000B772D /* HomeViewController.swift in Sources */ = {isa = PBXBuildFile; fileRef = AA9B4E022C71421E000B772D /* HomeViewController.swift */; };
		AA9B4E052C714407000B772D /* SectionDetailViewController.swift in Sources */ = {isa = PBXBuildFile; fileRef = AA9B4E042C714407000B772D /* SectionDetailViewController.swift */; };
		AA9B4E072C715398000B772D /* ItemFormViewController.swift in Sources */ = {isa = PBXBuildFile; fileRef = AA9B4E062C715398000B772D /* ItemFormViewController.swift */; };
/* End PBXBuildFile section */

/* Begin PBXContainerItemProxy section */
		AA8505862C6EC276002FB9F0 /* PBXContainerItemProxy */ = {
			isa = PBXContainerItemProxy;
			containerPortal = AA85056D2C6EC275002FB9F0 /* Project object */;
			proxyType = 1;
			remoteGlobalIDString = AA8505742C6EC275002FB9F0;
			remoteInfo = MyCabinet;
		};
		AA8505902C6EC276002FB9F0 /* PBXContainerItemProxy */ = {
			isa = PBXContainerItemProxy;
			containerPortal = AA85056D2C6EC275002FB9F0 /* Project object */;
			proxyType = 1;
			remoteGlobalIDString = AA8505742C6EC275002FB9F0;
			remoteInfo = MyCabinet;
		};
/* End PBXContainerItemProxy section */

/* Begin PBXFileReference section */
		AA3E49122C73F5DB00FDA82E /* SectionIconView.swift */ = {isa = PBXFileReference; lastKnownFileType = sourcecode.swift; path = SectionIconView.swift; sourceTree = "<group>"; };
		AA3E49142C73FB1800FDA82E /* SectionIconViewController.swift */ = {isa = PBXFileReference; lastKnownFileType = sourcecode.swift; path = SectionIconViewController.swift; sourceTree = "<group>"; };
		AA3E49172C73FC6800FDA82E /* SectionIconCell.swift */ = {isa = PBXFileReference; lastKnownFileType = sourcecode.swift; path = SectionIconCell.swift; sourceTree = "<group>"; };
		AA3E491A2C7403FA00FDA82E /* CoreData.framework */ = {isa = PBXFileReference; lastKnownFileType = wrapper.framework; name = CoreData.framework; path = System/Library/Frameworks/CoreData.framework; sourceTree = SDKROOT; };
		AA3E491D2C74043000FDA82E /* MyCabinet.xcdatamodel */ = {isa = PBXFileReference; lastKnownFileType = wrapper.xcdatamodel; path = MyCabinet.xcdatamodel; sourceTree = "<group>"; };
		AA4D456A2C715C3100EC700A /* CoreDataService.swift */ = {isa = PBXFileReference; lastKnownFileType = sourcecode.swift; path = CoreDataService.swift; sourceTree = "<group>"; };
		AA4D456C2C715D3F00EC700A /* SettingsViewController.swift */ = {isa = PBXFileReference; lastKnownFileType = sourcecode.swift; path = SettingsViewController.swift; sourceTree = "<group>"; };
		AA5C73F82C6EC7550014534C /* Section.swift */ = {isa = PBXFileReference; lastKnownFileType = sourcecode.swift; path = Section.swift; sourceTree = "<group>"; };
		AA5C74012C6EC7CB0014534C /* ItemRowView.swift */ = {isa = PBXFileReference; lastKnownFileType = sourcecode.swift; path = ItemRowView.swift; sourceTree = "<group>"; };
		AA5C74032C6EC7F10014534C /* SectionListView.swift */ = {isa = PBXFileReference; lastKnownFileType = sourcecode.swift; path = SectionListView.swift; sourceTree = "<group>"; };
		AA5C74052C6EC80C0014534C /* SectionView.swift */ = {isa = PBXFileReference; lastKnownFileType = sourcecode.swift; path = SectionView.swift; sourceTree = "<group>"; };
		AA81F5E02C6FE961003CFB4A /* ItemRowViewController.swift */ = {isa = PBXFileReference; lastKnownFileType = sourcecode.swift; path = ItemRowViewController.swift; sourceTree = "<group>"; };
		AA81F5E22C6FE984003CFB4A /* NotificationService.swift */ = {isa = PBXFileReference; lastKnownFileType = sourcecode.swift; path = NotificationService.swift; sourceTree = "<group>"; };
		AA81F5E42C6FEACF003CFB4A /* ItemDetailViewController.swift */ = {isa = PBXFileReference; lastKnownFileType = sourcecode.swift; path = ItemDetailViewController.swift; sourceTree = "<group>"; };
		AA81F5E62C6FEEBA003CFB4A /* ExpirationService.swift */ = {isa = PBXFileReference; lastKnownFileType = sourcecode.swift; path = ExpirationService.swift; sourceTree = "<group>"; };
		AA81F5E82C6FF1C6003CFB4A /* LaunchScreen.storyboard */ = {isa = PBXFileReference; lastKnownFileType = file.storyboard; path = LaunchScreen.storyboard; sourceTree = "<group>"; };
		AA81F5EA2C6FF4DC003CFB4A /* Info.plist */ = {isa = PBXFileReference; lastKnownFileType = text.plist.xml; path = Info.plist; sourceTree = "<group>"; };
		AA81F5EC2C6FF590003CFB4A /* ItemTests.swift */ = {isa = PBXFileReference; lastKnownFileType = sourcecode.swift; path = ItemTests.swift; sourceTree = "<group>"; };
		AA81F5EE2C6FF81D003CFB4A /* SectionTests.swift */ = {isa = PBXFileReference; lastKnownFileType = sourcecode.swift; path = SectionTests.swift; sourceTree = "<group>"; };
		AA81F5F02C6FF952003CFB4A /* NotificationServiceTests.swift */ = {isa = PBXFileReference; lastKnownFileType = sourcecode.swift; path = NotificationServiceTests.swift; sourceTree = "<group>"; };
		AA81F5F22C6FFB2D003CFB4A /* ItemDetailViewControllerTests.swift */ = {isa = PBXFileReference; lastKnownFileType = sourcecode.swift; path = ItemDetailViewControllerTests.swift; sourceTree = "<group>"; };
		AA8505752C6EC275002FB9F0 /* MyCabinet.app */ = {isa = PBXFileReference; explicitFileType = wrapper.application; includeInIndex = 0; path = MyCabinet.app; sourceTree = BUILT_PRODUCTS_DIR; };
		AA8505782C6EC275002FB9F0 /* MyCabinetApp.swift */ = {isa = PBXFileReference; lastKnownFileType = sourcecode.swift; path = MyCabinetApp.swift; sourceTree = "<group>"; };
		AA85057A2C6EC275002FB9F0 /* ContentView.swift */ = {isa = PBXFileReference; lastKnownFileType = sourcecode.swift; path = ContentView.swift; sourceTree = "<group>"; };
		AA85057C2C6EC276002FB9F0 /* Assets.xcassets */ = {isa = PBXFileReference; lastKnownFileType = folder.assetcatalog; path = Assets.xcassets; sourceTree = "<group>"; };
		AA85057F2C6EC276002FB9F0 /* Preview Assets.xcassets */ = {isa = PBXFileReference; lastKnownFileType = folder.assetcatalog; path = "Preview Assets.xcassets"; sourceTree = "<group>"; };
		AA8505852C6EC276002FB9F0 /* MyCabinetTests.xctest */ = {isa = PBXFileReference; explicitFileType = wrapper.cfbundle; includeInIndex = 0; path = MyCabinetTests.xctest; sourceTree = BUILT_PRODUCTS_DIR; };
		AA8505892C6EC276002FB9F0 /* MyCabinetTests.swift */ = {isa = PBXFileReference; lastKnownFileType = sourcecode.swift; path = MyCabinetTests.swift; sourceTree = "<group>"; };
		AA85058F2C6EC276002FB9F0 /* MyCabinetUITests.xctest */ = {isa = PBXFileReference; explicitFileType = wrapper.cfbundle; includeInIndex = 0; path = MyCabinetUITests.xctest; sourceTree = BUILT_PRODUCTS_DIR; };
		AA8505932C6EC276002FB9F0 /* MyCabinetUITests.swift */ = {isa = PBXFileReference; lastKnownFileType = sourcecode.swift; path = MyCabinetUITests.swift; sourceTree = "<group>"; };
		AA8505952C6EC276002FB9F0 /* MyCabinetUITestsLaunchTests.swift */ = {isa = PBXFileReference; lastKnownFileType = sourcecode.swift; path = MyCabinetUITestsLaunchTests.swift; sourceTree = "<group>"; };
		AA8505A42C6EC571002FB9F0 /* Item.swift */ = {isa = PBXFileReference; lastKnownFileType = sourcecode.swift; path = Item.swift; sourceTree = "<group>"; };
		AA9B4E022C71421E000B772D /* HomeViewController.swift */ = {isa = PBXFileReference; lastKnownFileType = sourcecode.swift; path = HomeViewController.swift; sourceTree = "<group>"; };
		AA9B4E042C714407000B772D /* SectionDetailViewController.swift */ = {isa = PBXFileReference; lastKnownFileType = sourcecode.swift; path = SectionDetailViewController.swift; sourceTree = "<group>"; };
		AA9B4E062C715398000B772D /* ItemFormViewController.swift */ = {isa = PBXFileReference; lastKnownFileType = sourcecode.swift; path = ItemFormViewController.swift; sourceTree = "<group>"; };
/* End PBXFileReference section */

/* Begin PBXFrameworksBuildPhase section */
		AA8505722C6EC275002FB9F0 /* Frameworks */ = {
			isa = PBXFrameworksBuildPhase;
			buildActionMask = 2147483647;
			files = (
				AA3E491B2C7403FA00FDA82E /* CoreData.framework in Frameworks */,
			);
			runOnlyForDeploymentPostprocessing = 0;
		};
		AA8505822C6EC276002FB9F0 /* Frameworks */ = {
			isa = PBXFrameworksBuildPhase;
			buildActionMask = 2147483647;
			files = (
			);
			runOnlyForDeploymentPostprocessing = 0;
		};
		AA85058C2C6EC276002FB9F0 /* Frameworks */ = {
			isa = PBXFrameworksBuildPhase;
			buildActionMask = 2147483647;
			files = (
			);
			runOnlyForDeploymentPostprocessing = 0;
		};
/* End PBXFrameworksBuildPhase section */

/* Begin PBXGroup section */
		AA3E49162C73FC5B00FDA82E /* Cells */ = {
			isa = PBXGroup;
			children = (
				AA3E49172C73FC6800FDA82E /* SectionIconCell.swift */,
			);
			path = Cells;
			sourceTree = "<group>";
		};
		AA3E49192C7403FA00FDA82E /* Frameworks */ = {
			isa = PBXGroup;
			children = (
				AA3E491A2C7403FA00FDA82E /* CoreData.framework */,
			);
			name = Frameworks;
			sourceTree = "<group>";
		};
		AA5C73FA2C6EC7740014534C /* Services */ = {
			isa = PBXGroup;
			children = (
				AA81F5E22C6FE984003CFB4A /* NotificationService.swift */,
				AA81F5E62C6FEEBA003CFB4A /* ExpirationService.swift */,
				AA4D456A2C715C3100EC700A /* CoreDataService.swift */,
			);
			path = Services;
			sourceTree = "<group>";
		};
		AA5C73FD2C6EC79A0014534C /* ViewControllers */ = {
			isa = PBXGroup;
			children = (
				AA81F5E02C6FE961003CFB4A /* ItemRowViewController.swift */,
				AA81F5E42C6FEACF003CFB4A /* ItemDetailViewController.swift */,
				AA9B4E022C71421E000B772D /* HomeViewController.swift */,
				AA9B4E042C714407000B772D /* SectionDetailViewController.swift */,
				AA9B4E062C715398000B772D /* ItemFormViewController.swift */,
				AA4D456C2C715D3F00EC700A /* SettingsViewController.swift */,
				AA3E49142C73FB1800FDA82E /* SectionIconViewController.swift */,
			);
			path = ViewControllers;
			sourceTree = "<group>";
		};
		AA5C74002C6EC7B70014534C /* Views */ = {
			isa = PBXGroup;
			children = (
				AA3E49162C73FC5B00FDA82E /* Cells */,
				AA5C74012C6EC7CB0014534C /* ItemRowView.swift */,
				AA5C74032C6EC7F10014534C /* SectionListView.swift */,
				AA5C74052C6EC80C0014534C /* SectionView.swift */,
				AA3E49122C73F5DB00FDA82E /* SectionIconView.swift */,
			);
			path = Views;
			sourceTree = "<group>";
		};
		AA5C74072C6EC82E0014534C /* SwiftUI */ = {
			isa = PBXGroup;
			children = (
				AA5C73FD2C6EC79A0014534C /* ViewControllers */,
				AA5C74002C6EC7B70014534C /* Views */,
			);
			path = SwiftUI;
			sourceTree = "<group>";
		};
		AA85056C2C6EC275002FB9F0 = {
			isa = PBXGroup;
			children = (
				AA8505772C6EC275002FB9F0 /* MyCabinet */,
				AA8505882C6EC276002FB9F0 /* MyCabinetTests */,
				AA8505922C6EC276002FB9F0 /* MyCabinetUITests */,
				AA8505762C6EC275002FB9F0 /* Products */,
				AA3E49192C7403FA00FDA82E /* Frameworks */,
			);
			sourceTree = "<group>";
		};
		AA8505762C6EC275002FB9F0 /* Products */ = {
			isa = PBXGroup;
			children = (
				AA8505752C6EC275002FB9F0 /* MyCabinet.app */,
				AA8505852C6EC276002FB9F0 /* MyCabinetTests.xctest */,
				AA85058F2C6EC276002FB9F0 /* MyCabinetUITests.xctest */,
			);
			name = Products;
			sourceTree = "<group>";
		};
		AA8505772C6EC275002FB9F0 /* MyCabinet */ = {
			isa = PBXGroup;
			children = (
				AA8505A32C6EC55E002FB9F0 /* Models */,
				AA5C73FA2C6EC7740014534C /* Services */,
				AA5C74072C6EC82E0014534C /* SwiftUI */,
				AA8505782C6EC275002FB9F0 /* MyCabinetApp.swift */,
				AA85057A2C6EC275002FB9F0 /* ContentView.swift */,
				AA85057C2C6EC276002FB9F0 /* Assets.xcassets */,
				AA85057E2C6EC276002FB9F0 /* Preview Content */,
				AA81F5E82C6FF1C6003CFB4A /* LaunchScreen.storyboard */,
				AA81F5EA2C6FF4DC003CFB4A /* Info.plist */,
				AA3E491C2C74043000FDA82E /* MyCabinet.xcdatamodeld */,
			);
			path = MyCabinet;
			sourceTree = "<group>";
		};
		AA85057E2C6EC276002FB9F0 /* Preview Content */ = {
			isa = PBXGroup;
			children = (
				AA85057F2C6EC276002FB9F0 /* Preview Assets.xcassets */,
			);
			path = "Preview Content";
			sourceTree = "<group>";
		};
		AA8505882C6EC276002FB9F0 /* MyCabinetTests */ = {
			isa = PBXGroup;
			children = (
				AA81F5F22C6FFB2D003CFB4A /* ItemDetailViewControllerTests.swift */,
				AA8505892C6EC276002FB9F0 /* MyCabinetTests.swift */,
				AA81F5EC2C6FF590003CFB4A /* ItemTests.swift */,
				AA81F5EE2C6FF81D003CFB4A /* SectionTests.swift */,
				AA81F5F02C6FF952003CFB4A /* NotificationServiceTests.swift */,
			);
			path = MyCabinetTests;
			sourceTree = "<group>";
		};
		AA8505922C6EC276002FB9F0 /* MyCabinetUITests */ = {
			isa = PBXGroup;
			children = (
				AA8505932C6EC276002FB9F0 /* MyCabinetUITests.swift */,
				AA8505952C6EC276002FB9F0 /* MyCabinetUITestsLaunchTests.swift */,
			);
			path = MyCabinetUITests;
			sourceTree = "<group>";
		};
		AA8505A32C6EC55E002FB9F0 /* Models */ = {
			isa = PBXGroup;
			children = (
				AA8505A42C6EC571002FB9F0 /* Item.swift */,
				AA5C73F82C6EC7550014534C /* Section.swift */,
			);
			path = Models;
			sourceTree = "<group>";
		};
/* End PBXGroup section */

/* Begin PBXNativeTarget section */
		AA8505742C6EC275002FB9F0 /* MyCabinet */ = {
			isa = PBXNativeTarget;
			buildConfigurationList = AA8505992C6EC276002FB9F0 /* Build configuration list for PBXNativeTarget "MyCabinet" */;
			buildPhases = (
				AA8505712C6EC275002FB9F0 /* Sources */,
				AA8505722C6EC275002FB9F0 /* Frameworks */,
				AA8505732C6EC275002FB9F0 /* Resources */,
			);
			buildRules = (
			);
			dependencies = (
			);
			name = MyCabinet;
			productName = MyCabinet;
			productReference = AA8505752C6EC275002FB9F0 /* MyCabinet.app */;
			productType = "com.apple.product-type.application";
		};
		AA8505842C6EC276002FB9F0 /* MyCabinetTests */ = {
			isa = PBXNativeTarget;
			buildConfigurationList = AA85059C2C6EC276002FB9F0 /* Build configuration list for PBXNativeTarget "MyCabinetTests" */;
			buildPhases = (
				AA8505812C6EC276002FB9F0 /* Sources */,
				AA8505822C6EC276002FB9F0 /* Frameworks */,
				AA8505832C6EC276002FB9F0 /* Resources */,
			);
			buildRules = (
			);
			dependencies = (
				AA8505872C6EC276002FB9F0 /* PBXTargetDependency */,
			);
			name = MyCabinetTests;
			productName = MyCabinetTests;
			productReference = AA8505852C6EC276002FB9F0 /* MyCabinetTests.xctest */;
			productType = "com.apple.product-type.bundle.unit-test";
		};
		AA85058E2C6EC276002FB9F0 /* MyCabinetUITests */ = {
			isa = PBXNativeTarget;
			buildConfigurationList = AA85059F2C6EC276002FB9F0 /* Build configuration list for PBXNativeTarget "MyCabinetUITests" */;
			buildPhases = (
				AA85058B2C6EC276002FB9F0 /* Sources */,
				AA85058C2C6EC276002FB9F0 /* Frameworks */,
				AA85058D2C6EC276002FB9F0 /* Resources */,
			);
			buildRules = (
			);
			dependencies = (
				AA8505912C6EC276002FB9F0 /* PBXTargetDependency */,
			);
			name = MyCabinetUITests;
			productName = MyCabinetUITests;
			productReference = AA85058F2C6EC276002FB9F0 /* MyCabinetUITests.xctest */;
			productType = "com.apple.product-type.bundle.ui-testing";
		};
/* End PBXNativeTarget section */

/* Begin PBXProject section */
		AA85056D2C6EC275002FB9F0 /* Project object */ = {
			isa = PBXProject;
			attributes = {
				BuildIndependentTargetsInParallel = 1;
				LastSwiftUpdateCheck = 1540;
				LastUpgradeCheck = 1540;
				TargetAttributes = {
					AA8505742C6EC275002FB9F0 = {
						CreatedOnToolsVersion = 15.4;
					};
					AA8505842C6EC276002FB9F0 = {
						CreatedOnToolsVersion = 15.4;
						TestTargetID = AA8505742C6EC275002FB9F0;
					};
					AA85058E2C6EC276002FB9F0 = {
						CreatedOnToolsVersion = 15.4;
						TestTargetID = AA8505742C6EC275002FB9F0;
					};
				};
			};
			buildConfigurationList = AA8505702C6EC275002FB9F0 /* Build configuration list for PBXProject "MyCabinet" */;
			compatibilityVersion = "Xcode 14.0";
			developmentRegion = en;
			hasScannedForEncodings = 0;
			knownRegions = (
				en,
				Base,
			);
			mainGroup = AA85056C2C6EC275002FB9F0;
			productRefGroup = AA8505762C6EC275002FB9F0 /* Products */;
			projectDirPath = "";
			projectRoot = "";
			targets = (
				AA8505742C6EC275002FB9F0 /* MyCabinet */,
				AA8505842C6EC276002FB9F0 /* MyCabinetTests */,
				AA85058E2C6EC276002FB9F0 /* MyCabinetUITests */,
			);
		};
/* End PBXProject section */

/* Begin PBXResourcesBuildPhase section */
		AA8505732C6EC275002FB9F0 /* Resources */ = {
			isa = PBXResourcesBuildPhase;
			buildActionMask = 2147483647;
			files = (
				AA81F5EB2C6FF4DC003CFB4A /* Info.plist in Resources */,
				AA81F5E92C6FF1C6003CFB4A /* LaunchScreen.storyboard in Resources */,
				AA8505802C6EC276002FB9F0 /* Preview Assets.xcassets in Resources */,
				AA85057D2C6EC276002FB9F0 /* Assets.xcassets in Resources */,
			);
			runOnlyForDeploymentPostprocessing = 0;
		};
		AA8505832C6EC276002FB9F0 /* Resources */ = {
			isa = PBXResourcesBuildPhase;
			buildActionMask = 2147483647;
			files = (
			);
			runOnlyForDeploymentPostprocessing = 0;
		};
		AA85058D2C6EC276002FB9F0 /* Resources */ = {
			isa = PBXResourcesBuildPhase;
			buildActionMask = 2147483647;
			files = (
			);
			runOnlyForDeploymentPostprocessing = 0;
		};
/* End PBXResourcesBuildPhase section */

/* Begin PBXSourcesBuildPhase section */
		AA8505712C6EC275002FB9F0 /* Sources */ = {
			isa = PBXSourcesBuildPhase;
			buildActionMask = 2147483647;
			files = (
				AA3E49182C73FC6800FDA82E /* SectionIconCell.swift in Sources */,
				AA81F5E52C6FEACF003CFB4A /* ItemDetailViewController.swift in Sources */,
				AA5C74022C6EC7CB0014534C /* ItemRowView.swift in Sources */,
				AA85057B2C6EC275002FB9F0 /* ContentView.swift in Sources */,
				AA5C73F92C6EC7550014534C /* Section.swift in Sources */,
				AA5C74062C6EC80C0014534C /* SectionView.swift in Sources */,
				AA3E49132C73F5DB00FDA82E /* SectionIconView.swift in Sources */,
				AA9B4E072C715398000B772D /* ItemFormViewController.swift in Sources */,
				AA81F5E32C6FE984003CFB4A /* NotificationService.swift in Sources */,
				AA4D456D2C715D3F00EC700A /* SettingsViewController.swift in Sources */,
				AA3E49152C73FB1800FDA82E /* SectionIconViewController.swift in Sources */,
				AA4D456B2C715C3100EC700A /* CoreDataService.swift in Sources */,
				AA9B4E052C714407000B772D /* SectionDetailViewController.swift in Sources */,
				AA81F5E12C6FE961003CFB4A /* ItemRowViewController.swift in Sources */,
				AA8505A52C6EC571002FB9F0 /* Item.swift in Sources */,
				AA5C74042C6EC7F10014534C /* SectionListView.swift in Sources */,
				AA81F5E72C6FEEBA003CFB4A /* ExpirationService.swift in Sources */,
				AA8505792C6EC275002FB9F0 /* MyCabinetApp.swift in Sources */,
				AA3E491E2C74043000FDA82E /* MyCabinet.xcdatamodeld in Sources */,
				AA9B4E032C71421E000B772D /* HomeViewController.swift in Sources */,
			);
			runOnlyForDeploymentPostprocessing = 0;
		};
		AA8505812C6EC276002FB9F0 /* Sources */ = {
			isa = PBXSourcesBuildPhase;
			buildActionMask = 2147483647;
			files = (
				AA4D456E2C715E0800EC700A /* ItemDetailViewControllerTests.swift in Sources */,
				AA81F5ED2C6FF590003CFB4A /* ItemTests.swift in Sources */,
				AA85058A2C6EC276002FB9F0 /* MyCabinetTests.swift in Sources */,
				AA81F5F12C6FF952003CFB4A /* NotificationServiceTests.swift in Sources */,
				AA81F5EF2C6FF81D003CFB4A /* SectionTests.swift in Sources */,
			);
			runOnlyForDeploymentPostprocessing = 0;
		};
		AA85058B2C6EC276002FB9F0 /* Sources */ = {
			isa = PBXSourcesBuildPhase;
			buildActionMask = 2147483647;
			files = (
				AA8505942C6EC276002FB9F0 /* MyCabinetUITests.swift in Sources */,
				AA8505962C6EC276002FB9F0 /* MyCabinetUITestsLaunchTests.swift in Sources */,
			);
			runOnlyForDeploymentPostprocessing = 0;
		};
/* End PBXSourcesBuildPhase section */

/* Begin PBXTargetDependency section */
		AA8505872C6EC276002FB9F0 /* PBXTargetDependency */ = {
			isa = PBXTargetDependency;
			target = AA8505742C6EC275002FB9F0 /* MyCabinet */;
			targetProxy = AA8505862C6EC276002FB9F0 /* PBXContainerItemProxy */;
		};
		AA8505912C6EC276002FB9F0 /* PBXTargetDependency */ = {
			isa = PBXTargetDependency;
			target = AA8505742C6EC275002FB9F0 /* MyCabinet */;
			targetProxy = AA8505902C6EC276002FB9F0 /* PBXContainerItemProxy */;
		};
/* End PBXTargetDependency section */

/* Begin XCBuildConfiguration section */
		AA8505972C6EC276002FB9F0 /* Debug */ = {
			isa = XCBuildConfiguration;
			buildSettings = {
				ALWAYS_SEARCH_USER_PATHS = NO;
				ASSETCATALOG_COMPILER_GENERATE_SWIFT_ASSET_SYMBOL_EXTENSIONS = YES;
				CLANG_ANALYZER_NONNULL = YES;
				CLANG_ANALYZER_NUMBER_OBJECT_CONVERSION = YES_AGGRESSIVE;
				CLANG_CXX_LANGUAGE_STANDARD = "gnu++20";
				CLANG_ENABLE_MODULES = YES;
				CLANG_ENABLE_OBJC_ARC = YES;
				CLANG_ENABLE_OBJC_WEAK = YES;
				CLANG_WARN_BLOCK_CAPTURE_AUTORELEASING = YES;
				CLANG_WARN_BOOL_CONVERSION = YES;
				CLANG_WARN_COMMA = YES;
				CLANG_WARN_CONSTANT_CONVERSION = YES;
				CLANG_WARN_DEPRECATED_OBJC_IMPLEMENTATIONS = YES;
				CLANG_WARN_DIRECT_OBJC_ISA_USAGE = YES_ERROR;
				CLANG_WARN_DOCUMENTATION_COMMENTS = YES;
				CLANG_WARN_EMPTY_BODY = YES;
				CLANG_WARN_ENUM_CONVERSION = YES;
				CLANG_WARN_INFINITE_RECURSION = YES;
				CLANG_WARN_INT_CONVERSION = YES;
				CLANG_WARN_NON_LITERAL_NULL_CONVERSION = YES;
				CLANG_WARN_OBJC_IMPLICIT_RETAIN_SELF = YES;
				CLANG_WARN_OBJC_LITERAL_CONVERSION = YES;
				CLANG_WARN_OBJC_ROOT_CLASS = YES_ERROR;
				CLANG_WARN_QUOTED_INCLUDE_IN_FRAMEWORK_HEADER = YES;
				CLANG_WARN_RANGE_LOOP_ANALYSIS = YES;
				CLANG_WARN_STRICT_PROTOTYPES = YES;
				CLANG_WARN_SUSPICIOUS_MOVE = YES;
				CLANG_WARN_UNGUARDED_AVAILABILITY = YES_AGGRESSIVE;
				CLANG_WARN_UNREACHABLE_CODE = YES;
				CLANG_WARN__DUPLICATE_METHOD_MATCH = YES;
				COPY_PHASE_STRIP = NO;
				DEBUG_INFORMATION_FORMAT = dwarf;
				ENABLE_STRICT_OBJC_MSGSEND = YES;
				ENABLE_TESTABILITY = YES;
				ENABLE_USER_SCRIPT_SANDBOXING = YES;
				GCC_C_LANGUAGE_STANDARD = gnu17;
				GCC_DYNAMIC_NO_PIC = NO;
				GCC_NO_COMMON_BLOCKS = YES;
				GCC_OPTIMIZATION_LEVEL = 0;
				GCC_PREPROCESSOR_DEFINITIONS = (
					"DEBUG=1",
					"$(inherited)",
				);
				GCC_WARN_64_TO_32_BIT_CONVERSION = YES;
				GCC_WARN_ABOUT_RETURN_TYPE = YES_ERROR;
				GCC_WARN_UNDECLARED_SELECTOR = YES;
				GCC_WARN_UNINITIALIZED_AUTOS = YES_AGGRESSIVE;
				GCC_WARN_UNUSED_FUNCTION = YES;
				GCC_WARN_UNUSED_VARIABLE = YES;
				IPHONEOS_DEPLOYMENT_TARGET = 17.5;
				LOCALIZATION_PREFERS_STRING_CATALOGS = YES;
				MTL_ENABLE_DEBUG_INFO = INCLUDE_SOURCE;
				MTL_FAST_MATH = YES;
				ONLY_ACTIVE_ARCH = YES;
				SDKROOT = iphoneos;
				SWIFT_ACTIVE_COMPILATION_CONDITIONS = "DEBUG $(inherited)";
				SWIFT_OPTIMIZATION_LEVEL = "-Onone";
			};
			name = Debug;
		};
		AA8505982C6EC276002FB9F0 /* Release */ = {
			isa = XCBuildConfiguration;
			buildSettings = {
				ALWAYS_SEARCH_USER_PATHS = NO;
				ASSETCATALOG_COMPILER_GENERATE_SWIFT_ASSET_SYMBOL_EXTENSIONS = YES;
				CLANG_ANALYZER_NONNULL = YES;
				CLANG_ANALYZER_NUMBER_OBJECT_CONVERSION = YES_AGGRESSIVE;
				CLANG_CXX_LANGUAGE_STANDARD = "gnu++20";
				CLANG_ENABLE_MODULES = YES;
				CLANG_ENABLE_OBJC_ARC = YES;
				CLANG_ENABLE_OBJC_WEAK = YES;
				CLANG_WARN_BLOCK_CAPTURE_AUTORELEASING = YES;
				CLANG_WARN_BOOL_CONVERSION = YES;
				CLANG_WARN_COMMA = YES;
				CLANG_WARN_CONSTANT_CONVERSION = YES;
				CLANG_WARN_DEPRECATED_OBJC_IMPLEMENTATIONS = YES;
				CLANG_WARN_DIRECT_OBJC_ISA_USAGE = YES_ERROR;
				CLANG_WARN_DOCUMENTATION_COMMENTS = YES;
				CLANG_WARN_EMPTY_BODY = YES;
				CLANG_WARN_ENUM_CONVERSION = YES;
				CLANG_WARN_INFINITE_RECURSION = YES;
				CLANG_WARN_INT_CONVERSION = YES;
				CLANG_WARN_NON_LITERAL_NULL_CONVERSION = YES;
				CLANG_WARN_OBJC_IMPLICIT_RETAIN_SELF = YES;
				CLANG_WARN_OBJC_LITERAL_CONVERSION = YES;
				CLANG_WARN_OBJC_ROOT_CLASS = YES_ERROR;
				CLANG_WARN_QUOTED_INCLUDE_IN_FRAMEWORK_HEADER = YES;
				CLANG_WARN_RANGE_LOOP_ANALYSIS = YES;
				CLANG_WARN_STRICT_PROTOTYPES = YES;
				CLANG_WARN_SUSPICIOUS_MOVE = YES;
				CLANG_WARN_UNGUARDED_AVAILABILITY = YES_AGGRESSIVE;
				CLANG_WARN_UNREACHABLE_CODE = YES;
				CLANG_WARN__DUPLICATE_METHOD_MATCH = YES;
				COPY_PHASE_STRIP = NO;
				DEBUG_INFORMATION_FORMAT = "dwarf-with-dsym";
				ENABLE_NS_ASSERTIONS = NO;
				ENABLE_STRICT_OBJC_MSGSEND = YES;
				ENABLE_USER_SCRIPT_SANDBOXING = YES;
				GCC_C_LANGUAGE_STANDARD = gnu17;
				GCC_NO_COMMON_BLOCKS = YES;
				GCC_WARN_64_TO_32_BIT_CONVERSION = YES;
				GCC_WARN_ABOUT_RETURN_TYPE = YES_ERROR;
				GCC_WARN_UNDECLARED_SELECTOR = YES;
				GCC_WARN_UNINITIALIZED_AUTOS = YES_AGGRESSIVE;
				GCC_WARN_UNUSED_FUNCTION = YES;
				GCC_WARN_UNUSED_VARIABLE = YES;
				IPHONEOS_DEPLOYMENT_TARGET = 17.5;
				LOCALIZATION_PREFERS_STRING_CATALOGS = YES;
				MTL_ENABLE_DEBUG_INFO = NO;
				MTL_FAST_MATH = YES;
				SDKROOT = iphoneos;
				SWIFT_COMPILATION_MODE = wholemodule;
				VALIDATE_PRODUCT = YES;
			};
			name = Release;
		};
		AA85059A2C6EC276002FB9F0 /* Debug */ = {
			isa = XCBuildConfiguration;
			buildSettings = {
				ASSETCATALOG_COMPILER_APPICON_NAME = AppIcon;
				ASSETCATALOG_COMPILER_GLOBAL_ACCENT_COLOR_NAME = AccentColor;
				CODE_SIGN_STYLE = Automatic;
				CURRENT_PROJECT_VERSION = 1;
				DEVELOPMENT_ASSET_PATHS = "\"MyCabinet/Preview Content\"";
				DEVELOPMENT_TEAM = P9X3LQ2X8F;
				ENABLE_PREVIEWS = YES;
				GENERATE_INFOPLIST_FILE = YES;
				INFOPLIST_KEY_UIApplicationSceneManifest_Generation = YES;
				INFOPLIST_KEY_UIApplicationSupportsIndirectInputEvents = YES;
				INFOPLIST_KEY_UILaunchScreen_Generation = YES;
				INFOPLIST_KEY_UILaunchStoryboardName = LaunchScreen.storyboard;
				INFOPLIST_KEY_UISupportedInterfaceOrientations_iPad = "UIInterfaceOrientationPortrait UIInterfaceOrientationPortraitUpsideDown UIInterfaceOrientationLandscapeLeft UIInterfaceOrientationLandscapeRight";
				INFOPLIST_KEY_UISupportedInterfaceOrientations_iPhone = "UIInterfaceOrientationPortrait UIInterfaceOrientationLandscapeLeft UIInterfaceOrientationLandscapeRight";
				LD_RUNPATH_SEARCH_PATHS = (
					"$(inherited)",
					"@executable_path/Frameworks",
				);
				MARKETING_VERSION = 1.0;
				PRODUCT_BUNDLE_IDENTIFIER = eps.MyCabinet;
				PRODUCT_NAME = "$(TARGET_NAME)";
				SWIFT_EMIT_LOC_STRINGS = YES;
				SWIFT_VERSION = 5.0;
				TARGETED_DEVICE_FAMILY = "1,2";
			};
			name = Debug;
		};
		AA85059B2C6EC276002FB9F0 /* Release */ = {
			isa = XCBuildConfiguration;
			buildSettings = {
				ASSETCATALOG_COMPILER_APPICON_NAME = AppIcon;
				ASSETCATALOG_COMPILER_GLOBAL_ACCENT_COLOR_NAME = AccentColor;
				CODE_SIGN_STYLE = Automatic;
				CURRENT_PROJECT_VERSION = 1;
				DEVELOPMENT_ASSET_PATHS = "\"MyCabinet/Preview Content\"";
				DEVELOPMENT_TEAM = P9X3LQ2X8F;
				ENABLE_PREVIEWS = YES;
				GENERATE_INFOPLIST_FILE = YES;
				INFOPLIST_KEY_UIApplicationSceneManifest_Generation = YES;
				INFOPLIST_KEY_UIApplicationSupportsIndirectInputEvents = YES;
				INFOPLIST_KEY_UILaunchScreen_Generation = YES;
				INFOPLIST_KEY_UILaunchStoryboardName = LaunchScreen.storyboard;
				INFOPLIST_KEY_UISupportedInterfaceOrientations_iPad = "UIInterfaceOrientationPortrait UIInterfaceOrientationPortraitUpsideDown UIInterfaceOrientationLandscapeLeft UIInterfaceOrientationLandscapeRight";
				INFOPLIST_KEY_UISupportedInterfaceOrientations_iPhone = "UIInterfaceOrientationPortrait UIInterfaceOrientationLandscapeLeft UIInterfaceOrientationLandscapeRight";
				LD_RUNPATH_SEARCH_PATHS = (
					"$(inherited)",
					"@executable_path/Frameworks",
				);
				MARKETING_VERSION = 1.0;
				PRODUCT_BUNDLE_IDENTIFIER = eps.MyCabinet;
				PRODUCT_NAME = "$(TARGET_NAME)";
				SWIFT_EMIT_LOC_STRINGS = YES;
				SWIFT_VERSION = 5.0;
				TARGETED_DEVICE_FAMILY = "1,2";
			};
			name = Release;
		};
		AA85059D2C6EC276002FB9F0 /* Debug */ = {
			isa = XCBuildConfiguration;
			buildSettings = {
				ALWAYS_EMBED_SWIFT_STANDARD_LIBRARIES = YES;
				BUNDLE_LOADER = "$(TEST_HOST)";
				CODE_SIGN_STYLE = Automatic;
				CURRENT_PROJECT_VERSION = 1;
				DEVELOPMENT_TEAM = P9X3LQ2X8F;
				GENERATE_INFOPLIST_FILE = YES;
				IPHONEOS_DEPLOYMENT_TARGET = 17.5;
				MARKETING_VERSION = 1.0;
				PRODUCT_BUNDLE_IDENTIFIER = eps.MyCabinetTests;
				PRODUCT_NAME = "$(TARGET_NAME)";
				SWIFT_EMIT_LOC_STRINGS = NO;
				SWIFT_VERSION = 5.0;
				TARGETED_DEVICE_FAMILY = "1,2";
				TEST_HOST = "$(BUILT_PRODUCTS_DIR)/MyCabinet.app/$(BUNDLE_EXECUTABLE_FOLDER_PATH)/MyCabinet";
			};
			name = Debug;
		};
		AA85059E2C6EC276002FB9F0 /* Release */ = {
			isa = XCBuildConfiguration;
			buildSettings = {
				ALWAYS_EMBED_SWIFT_STANDARD_LIBRARIES = YES;
				BUNDLE_LOADER = "$(TEST_HOST)";
				CODE_SIGN_STYLE = Automatic;
				CURRENT_PROJECT_VERSION = 1;
				DEVELOPMENT_TEAM = P9X3LQ2X8F;
				GENERATE_INFOPLIST_FILE = YES;
				IPHONEOS_DEPLOYMENT_TARGET = 17.5;
				MARKETING_VERSION = 1.0;
				PRODUCT_BUNDLE_IDENTIFIER = eps.MyCabinetTests;
				PRODUCT_NAME = "$(TARGET_NAME)";
				SWIFT_EMIT_LOC_STRINGS = NO;
				SWIFT_VERSION = 5.0;
				TARGETED_DEVICE_FAMILY = "1,2";
				TEST_HOST = "$(BUILT_PRODUCTS_DIR)/MyCabinet.app/$(BUNDLE_EXECUTABLE_FOLDER_PATH)/MyCabinet";
			};
			name = Release;
		};
		AA8505A02C6EC276002FB9F0 /* Debug */ = {
			isa = XCBuildConfiguration;
			buildSettings = {
				ALWAYS_EMBED_SWIFT_STANDARD_LIBRARIES = YES;
				CODE_SIGN_STYLE = Automatic;
				CURRENT_PROJECT_VERSION = 1;
				DEVELOPMENT_TEAM = P9X3LQ2X8F;
				GENERATE_INFOPLIST_FILE = YES;
				MARKETING_VERSION = 1.0;
				PRODUCT_BUNDLE_IDENTIFIER = eps.MyCabinetUITests;
				PRODUCT_NAME = "$(TARGET_NAME)";
				SWIFT_EMIT_LOC_STRINGS = NO;
				SWIFT_VERSION = 5.0;
				TARGETED_DEVICE_FAMILY = "1,2";
				TEST_TARGET_NAME = MyCabinet;
			};
			name = Debug;
		};
		AA8505A12C6EC276002FB9F0 /* Release */ = {
			isa = XCBuildConfiguration;
			buildSettings = {
				ALWAYS_EMBED_SWIFT_STANDARD_LIBRARIES = YES;
				CODE_SIGN_STYLE = Automatic;
				CURRENT_PROJECT_VERSION = 1;
				DEVELOPMENT_TEAM = P9X3LQ2X8F;
				GENERATE_INFOPLIST_FILE = YES;
				MARKETING_VERSION = 1.0;
				PRODUCT_BUNDLE_IDENTIFIER = eps.MyCabinetUITests;
				PRODUCT_NAME = "$(TARGET_NAME)";
				SWIFT_EMIT_LOC_STRINGS = NO;
				SWIFT_VERSION = 5.0;
				TARGETED_DEVICE_FAMILY = "1,2";
				TEST_TARGET_NAME = MyCabinet;
			};
			name = Release;
		};
/* End XCBuildConfiguration section */

/* Begin XCConfigurationList section */
		AA8505702C6EC275002FB9F0 /* Build configuration list for PBXProject "MyCabinet" */ = {
			isa = XCConfigurationList;
			buildConfigurations = (
				AA8505972C6EC276002FB9F0 /* Debug */,
				AA8505982C6EC276002FB9F0 /* Release */,
			);
			defaultConfigurationIsVisible = 0;
			defaultConfigurationName = Release;
		};
		AA8505992C6EC276002FB9F0 /* Build configuration list for PBXNativeTarget "MyCabinet" */ = {
			isa = XCConfigurationList;
			buildConfigurations = (
				AA85059A2C6EC276002FB9F0 /* Debug */,
				AA85059B2C6EC276002FB9F0 /* Release */,
			);
			defaultConfigurationIsVisible = 0;
			defaultConfigurationName = Release;
		};
		AA85059C2C6EC276002FB9F0 /* Build configuration list for PBXNativeTarget "MyCabinetTests" */ = {
			isa = XCConfigurationList;
			buildConfigurations = (
				AA85059D2C6EC276002FB9F0 /* Debug */,
				AA85059E2C6EC276002FB9F0 /* Release */,
			);
			defaultConfigurationIsVisible = 0;
			defaultConfigurationName = Release;
		};
		AA85059F2C6EC276002FB9F0 /* Build configuration list for PBXNativeTarget "MyCabinetUITests" */ = {
			isa = XCConfigurationList;
			buildConfigurations = (
				AA8505A02C6EC276002FB9F0 /* Debug */,
				AA8505A12C6EC276002FB9F0 /* Release */,
			);
			defaultConfigurationIsVisible = 0;
			defaultConfigurationName = Release;
		};
/* End XCConfigurationList section */

/* Begin XCVersionGroup section */
		AA3E491C2C74043000FDA82E /* MyCabinet.xcdatamodeld */ = {
			isa = XCVersionGroup;
			children = (
				AA3E491D2C74043000FDA82E /* MyCabinet.xcdatamodel */,
			);
			currentVersion = AA3E491D2C74043000FDA82E /* MyCabinet.xcdatamodel */;
			name = MyCabinet.xcdatamodeld;
			path = /Users/ethan/Documents/GitHub/MyCabinet/MyCabinet/MyCabinet.xcdatamodeld;
			sourceTree = "<group>";
			versionGroupType = wrapper.xcdatamodel;
		};
/* End XCVersionGroup section */
	};
	rootObject = AA85056D2C6EC275002FB9F0 /* Project object */;
}
